
Microsoft Visual Studio Solution File, Format Version 12.00
# Visual Studio Version 17
VisualStudioVersion = 17.7.34031.279
MinimumVisualStudioVersion = 10.0.40219.1
Project("{FAE04EC0-301F-11D3-BF4B-00C04F79EFBC}") = "Lab_03.3", "Lab_03.3\Lab_03.3.csproj", "{8CECB8C3-F9AF-4AE8-8F21-CABAA6DA08DE}"
EndProject
Global
	GlobalSection(SolutionConfigurationPlatforms) = preSolution
		Debug|Any CPU = Debug|Any CPU
		Release|Any CPU = Release|Any CPU
	EndGlobalSection
	GlobalSection(ProjectConfigurationPlatforms) = postSolution
		{8CECB8C3-F9AF-4AE8-8F21-CABAA6DA08DE}.Debug|Any CPU.ActiveCfg = Debug|Any CPU
		{8CECB8C3-F9AF-4AE8-8F21-CABAA6DA08DE}.Debug|Any CPU.Build.0 = Debug|Any CPU
		{8CECB8C3-F9AF-4AE8-8F21-CABAA6DA08DE}.Release|Any CPU.ActiveCfg = Release|Any CPU
		{8CECB8C3-F9AF-4AE8-8F21-CABAA6DA08DE}.Release|Any CPU.Build.0 = Release|Any CPU
	EndGlobalSection
	GlobalSection(SolutionProperties) = preSolution
		HideSolutionNode = FALSE
	EndGlobalSection
	GlobalSection(ExtensibilityGlobals) = postSolution
		SolutionGuid = {A558E816-4CEB-49AA-9766-6A38EB868CBF}
	EndGlobalSection
EndGlobal
